
Microsoft Visual Studio Solution File, Format Version 12.00
# Visual Studio Version 16
VisualStudioVersion = 16.0.31729.503
MinimumVisualStudioVersion = 10.0.40219.1
Project("{FAE04EC0-301F-11D3-BF4B-00C04F79EFBC}") = "cs-aspnet-mvc-crud", "cs-aspnet-mvc-crud\cs-aspnet-mvc-crud.csproj", "{F7EADE97-29CC-42FD-AA21-3F8230990C86}"
EndProject
Global
	GlobalSection(SolutionConfigurationPlatforms) = preSolution
		Debug|Any CPU = Debug|Any CPU
		Release|Any CPU = Release|Any CPU
	EndGlobalSection
	GlobalSection(ProjectConfigurationPlatforms) = postSolution
		{F7EADE97-29CC-42FD-AA21-3F8230990C86}.Debug|Any CPU.ActiveCfg = Debug|Any CPU
		{F7EADE97-29CC-42FD-AA21-3F8230990C86}.Debug|Any CPU.Build.0 = Debug|Any CPU
		{F7EADE97-29CC-42FD-AA21-3F8230990C86}.Release|Any CPU.ActiveCfg = Release|Any CPU
		{F7EADE97-29CC-42FD-AA21-3F8230990C86}.Release|Any CPU.Build.0 = Release|Any CPU
	EndGlobalSection
	GlobalSection(SolutionProperties) = preSolution
		HideSolutionNode = FALSE
	EndGlobalSection
	GlobalSection(ExtensibilityGlobals) = postSolution
		SolutionGuid = {C52810BC-BD62-4107-A859-D34B804736AE}
	EndGlobalSection
EndGlobal
